#MicroXplorer Configuration settings - do not modify
ADC1.EnableRegularConversion=DISABLE
ADC1.IPParameters=SubFamily,InjectedRank-1\#ChannelInjectedConversion,InjectedOffsetNumber-1\#ChannelInjectedConversion,InjectedChannel-1\#ChannelInjectedConversion,InjectedSamplingTime-1\#ChannelInjectedConversion,InjectedOffset-1\#ChannelInjectedConversion,master,EnableRegularConversion
ADC1.InjectedChannel-1\#ChannelInjectedConversion=ADC_CHANNEL_4
ADC1.InjectedOffset-1\#ChannelInjectedConversion=0
ADC1.InjectedOffsetNumber-1\#ChannelInjectedConversion=ADC_OFFSET_NONE
ADC1.InjectedRank-1\#ChannelInjectedConversion=1
ADC1.InjectedSamplingTime-1\#ChannelInjectedConversion=ADC_SAMPLETIME_7CYCLES_5
ADC1.SubFamily=STM32F334x8
ADC1.master=1
ADC2.Channel=ADC_CHANNEL_1
ADC2.EOCSelection=EOC_SEQ_CONV
ADC2.EnableRegularConversion=DISABLE
ADC2.IPParameters=InjectedSamplingTime-8\#ChannelInjectedConversion,InjectedRank-9\#ChannelInjectedConversion,InjectedSamplingTime-9\#ChannelInjectedConversion,InjectedSamplingTime-10\#ChannelInjectedConversion,InjectedRank-11\#ChannelInjectedConversion,InjectedOffsetNumber-8\#ChannelInjectedConversion,InjectedChannel-9\#ChannelInjectedConversion,SubFamily,InjectedChannel-8\#ChannelInjectedConversion,InjectedSamplingTime-11\#ChannelInjectedConversion,Channel,InjectedOffsetNumber-9\#ChannelInjectedConversion,InjectedRank-8\#ChannelInjectedConversion,EOCSelection,InjectedOffset-8\#ChannelInjectedConversion,InjectedChannel-11\#ChannelInjectedConversion,EnableRegularConversion,InjectedOffset-9\#ChannelInjectedConversion
ADC2.InjectedChannel-11\#ChannelInjectedConversion=ADC_CHANNEL_2
ADC2.InjectedChannel-8\#ChannelInjectedConversion=ADC_CHANNEL_1
ADC2.InjectedChannel-9\#ChannelInjectedConversion=ADC_CHANNEL_1
ADC2.InjectedOffset-8\#ChannelInjectedConversion=0
ADC2.InjectedOffset-9\#ChannelInjectedConversion=0
ADC2.InjectedOffsetNumber-8\#ChannelInjectedConversion=ADC_OFFSET_NONE
ADC2.InjectedOffsetNumber-9\#ChannelInjectedConversion=ADC_OFFSET_NONE
ADC2.InjectedRank-11\#ChannelInjectedConversion=2
ADC2.InjectedRank-8\#ChannelInjectedConversion=1
ADC2.InjectedRank-9\#ChannelInjectedConversion=2
ADC2.InjectedSamplingTime-10\#ChannelInjectedConversion=ADC_SAMPLETIME_7CYCLES_5
ADC2.InjectedSamplingTime-11\#ChannelInjectedConversion=ADC_SAMPLETIME_7CYCLES_5
ADC2.InjectedSamplingTime-8\#ChannelInjectedConversion=ADC_SAMPLETIME_1CYCLE_5
ADC2.InjectedSamplingTime-9\#ChannelInjectedConversion=ADC_SAMPLETIME_1CYCLE_5
ADC2.SubFamily=STM32F334x8
File.Version=5
HRTIM1.ADCTrigger1_Source1=HRTIM_ADCTRIGGEREVENT13_TIMERA_CMP2
HRTIM1.ADCTrigger2_Source1=HRTIM_ADCTRIGGEREVENT24_TIMERA_CMP2
HRTIM1.ADCTrigger3_Source1=HRTIM_ADCTRIGGEREVENT13_TIMERA_CMP4
HRTIM1.ADCTrigger4_Source1=HRTIM_ADCTRIGGEREVENT24_TIMERA_CMP4
HRTIM1.ADCTrigger_Id1=__NULL
HRTIM1.ADCTrigger_Id2=HRTIM_ADCTRIGGER_2
HRTIM1.ADCTrigger_Id4=HRTIM_ADCTRIGGER_4
HRTIM1.CalibrationRate_nonIT=HRTIM_CALIBRATIONRATE_14
HRTIM1.CompareUnit1-Output_TA1TA2=HRTIM_COMPAREUNIT_1
HRTIM1.CompareUnit1-Output_TB1TB2=HRTIM_COMPAREUNIT_1
HRTIM1.CompareUnit2-Output_TA1TA2=HRTIM_COMPAREUNIT_2
HRTIM1.CompareUnit2-Output_TB1TB2=HRTIM_COMPAREUNIT_2
HRTIM1.CompareUnit4-Output_TA1TA2=HRTIM_COMPAREUNIT_4
HRTIM1.CompareValue1-Output_TA1TA2=40000
HRTIM1.CompareValue1-Output_TB1TB2=30000
HRTIM1.CompareValue2-Output_TA1TA2=20000
HRTIM1.CompareValue2-Output_TB1TB2=15000
HRTIM1.CompareValue4-Output_TA1TA2=20000
HRTIM1.DMARequests_Semaphore-MasterTimer=ATLEASTONEDMAREQ
HRTIM1.DMARequests_Semaphore-Output_TA1TA2=ATLEASTONEDMAREQ
HRTIM1.DMARequests_Semaphore-Output_TB1TB2=ATLEASTONEDMAREQ
HRTIM1.DeadTimeInsertion-Output_TA1TA2=HRTIM_TIMDEADTIMEINSERTION_ENABLED
HRTIM1.DeadTimeInsertion-Output_TB1TB2=HRTIM_TIMDEADTIMEINSERTION_ENABLED
HRTIM1.Deadtimeconfig-Output_TA1TA2=HRTIM_TIMERINDEX_TIMER_A
HRTIM1.EnableCalibration=DLLSimpleCalibration
HRTIM1.FallingValue-Output_TA1TA2=300
HRTIM1.FallingValue-Output_TB1TB2=100
HRTIM1.IPParameters=CompareUnit2-Output_TB1TB2,PrescalerRatio_TA,ADCTrigger3_Source1,ADCTrigger4_Source1,CompareUnit1-Output_TB1TB2,CompareValue4-Output_TA1TA2,Timeout,NumberSetSource1-Output_TA1TA2,DeadTimeInsertion-Output_TA1TA2,PrescalerRatio_TB,CompareValue1-Output_TB1TB2,TimerIdx,RepetitionCounter-Output_TA1TA2,InterruptRequests1-Output_TA1TA2,ResetTrigger1-Output_TA1TA2,NumberADCTriggerSource3,EnableCalibration,PrescalerRatio_MASTER,NumberADCTriggerSource2,NumberADCTriggerSource1,DMARequests_Semaphore-Output_TB1TB2,Deadtimeconfig-Output_TA1TA2,Output2,ResetOutput1_Source1-Output_TB1TB2,NumberADCTriggerSource4,NumberInterruptRequests-Output_TA1TA2,SetOutput1_Source1-Output_TB1TB2,CompareValue1-Output_TA1TA2,ORingUpdateSource_ADCTrigger4,CompareUnit4-Output_TA1TA2,ORingUpdateSource_ADCTrigger1,RisingValue-Output_TA1TA2,NumberResetSource1-Output_TB1TB2,ADCTrigger_Id4,CompareValue2-Output_TA1TA2,Periode_TA,RisingValue-Output_TB1TB2,NumberSetSource2_TA,CompareUnit1-Output_TA1TA2,SetOutput1_Source1-Output_TA1TA2,NumberResetTrigger-Output_TA1TA2,ResetOutput1_Source1-Output_TA1TA2,NumberSetSource1-Output_TB1TB2,ORingUpdateSource_ADCTrigger2,CompareUnit2-Output_TA1TA2,RepetitionCounter-Output_TB1TB2,ORingUpdateSource_ADCTrigger3,DMARequests_Semaphore-MasterTimer,FallingValue-Output_TB1TB2,ADCTrigger_Id2,DMARequests_Semaphore-Output_TA1TA2,CompareValue2-Output_TB1TB2,Polarity2-Output_TA1TA2,ADCTrigger_Id1,NumberResetSource1-Output_TA1TA2,CalibrationRate_nonIT,ADCTrigger1_Source1,FallingValue-Output_TA1TA2,ADCTrigger2_Source1,DeadTimeInsertion-Output_TB1TB2,Output1
HRTIM1.InterruptRequests1-Output_TA1TA2=HRTIM_TIM_IT_REP
HRTIM1.NumberADCTriggerSource1=1
HRTIM1.NumberADCTriggerSource2=1
HRTIM1.NumberADCTriggerSource3=1
HRTIM1.NumberADCTriggerSource4=1
HRTIM1.NumberInterruptRequests-Output_TA1TA2=1
HRTIM1.NumberResetSource1-Output_TA1TA2=1
HRTIM1.NumberResetSource1-Output_TB1TB2=1
HRTIM1.NumberResetTrigger-Output_TA1TA2=1
HRTIM1.NumberSetSource1-Output_TA1TA2=1
HRTIM1.NumberSetSource1-Output_TB1TB2=1
HRTIM1.NumberSetSource2_TA=0
HRTIM1.ORingUpdateSource_ADCTrigger1=HRTIM_ADCTRIGGERUPDATE_TIMER_A
HRTIM1.ORingUpdateSource_ADCTrigger2=HRTIM_ADCTRIGGERUPDATE_TIMER_A
HRTIM1.ORingUpdateSource_ADCTrigger3=HRTIM_ADCTRIGGERUPDATE_TIMER_A
HRTIM1.ORingUpdateSource_ADCTrigger4=HRTIM_ADCTRIGGERUPDATE_TIMER_A
HRTIM1.Output1=HRTIM_OUTPUT_TA1
HRTIM1.Output2=HRTIM_OUTPUT_TA2
HRTIM1.Periode_TA=65503
HRTIM1.Polarity2-Output_TA1TA2=HRTIM_OUTPUTPOLARITY_LOW
HRTIM1.PrescalerRatio_MASTER=HRTIM_PRESCALERRATIO_MUL32
HRTIM1.PrescalerRatio_TA=HRTIM_PRESCALERRATIO_MUL32
HRTIM1.PrescalerRatio_TB=HRTIM_PRESCALERRATIO_MUL32
HRTIM1.RepetitionCounter-Output_TA1TA2=9
HRTIM1.RepetitionCounter-Output_TB1TB2=0
HRTIM1.ResetOutput1_Source1-Output_TA1TA2=HRTIM_OUTPUTRESET_TIMCMP1
HRTIM1.ResetOutput1_Source1-Output_TB1TB2=HRTIM_OUTPUTRESET_TIMCMP1
HRTIM1.ResetTrigger1-Output_TA1TA2=HRTIM_TIMRESETTRIGGER_MASTER_PER
HRTIM1.RisingValue-Output_TA1TA2=300
HRTIM1.RisingValue-Output_TB1TB2=100
HRTIM1.SetOutput1_Source1-Output_TA1TA2=HRTIM_OUTPUTSET_TIMPER
HRTIM1.SetOutput1_Source1-Output_TB1TB2=HRTIM_OUTPUTSET_TIMPER
HRTIM1.Timeout=100
HRTIM1.TimerIdx=HRTIM_TIMERINDEX_MASTER
KeepUserPlacement=false
Mcu.Family=STM32F3
Mcu.IP0=ADC1
Mcu.IP1=ADC2
Mcu.IP2=HRTIM1
Mcu.IP3=NVIC
Mcu.IP4=RCC
Mcu.IP5=SYS
Mcu.IPNb=6
Mcu.Name=STM32F334C(4-6-8)Tx
Mcu.Package=LQFP48
Mcu.Pin0=PC13
Mcu.Pin1=PC14 / OSC32_IN
Mcu.Pin10=PA9
Mcu.Pin11=PA10
Mcu.Pin12=PA11
Mcu.Pin13=PA13
Mcu.Pin14=PA14
Mcu.Pin15=PB6
Mcu.Pin16=PB7
Mcu.Pin17=VP_HRTIM1_VS_hrtimMasterTimerNoOutput
Mcu.Pin2=PC15 / OSC32_OUT
Mcu.Pin3=PF0 / OSC_IN
Mcu.Pin4=PF1 / OSC_OUT
Mcu.Pin5=PA3
Mcu.Pin6=PA4
Mcu.Pin7=PA5
Mcu.Pin8=PB12
Mcu.Pin9=PA8
Mcu.PinsNb=18
Mcu.UserConstants=
Mcu.UserName=STM32F334C8Tx
MxCube.Version=4.6.0
MxDb.Version=DB.4.0.80
NVIC.ADC1_2_IRQn=true\:0\:0\:false
NVIC.EXTI15_10_IRQn=true\:0\:0\:false
NVIC.HRTIM1_TIMA_IRQn=true\:0\:0\:true
NVIC.PriorityGroup=NVIC_PRIORITYGROUP_4
NVIC.SysTick_IRQn=true\:0\:0\:false
PA10.Mode=Output_TB1TB2
PA10.Signal=HRTIM1_CHB1
PA11.Mode=Output_TB1TB2
PA11.Signal=HRTIM1_CHB2
PA13.Mode=Serial-Wire
PA13.Signal=SYS_JTMS-SWDIO
PA14.Mode=Serial-Wire
PA14.Signal=SYS_JTCK-SWCLK
PA3.Mode=IN4-Single-Ended
PA3.Signal=ADC1_IN4
PA4.Locked=true
PA4.Mode=IN1-Single-Ended
PA4.Signal=ADC2_IN1
PA5.Locked=true
PA5.Mode=IN2-Single-Ended
PA5.Signal=ADC2_IN2
PA8.Mode=Output_TA1TA2
PA8.Signal=HRTIM1_CHA1
PA9.Mode=Output_TA1TA2
PA9.Signal=HRTIM1_CHA2
PB12.Locked=true
PB12.Signal=GPIO_Output
PB6.GPIOParameters=GPIO_FM6,GPIO_ModeDefaultOutputPP,GPIO_Speed,GPIO_PuPd
PB6.GPIO_FM6=__NULL
PB6.GPIO_ModeDefaultOutputPP=GPIO_MODE_OUTPUT_PP
PB6.GPIO_PuPd=GPIO_PULLUP
PB6.GPIO_Speed=GPIO_SPEED_LOW
PB6.Locked=true
PB6.Signal=GPIO_Output
PB7.GPIOParameters=GPIO_ModeDefaultOutputPP,GPIO_Speed,GPIO_PuPd,GPIO_FM7
PB7.GPIO_FM7=__NULL
PB7.GPIO_ModeDefaultOutputPP=GPIO_MODE_OUTPUT_PP
PB7.GPIO_PuPd=GPIO_PULLUP
PB7.GPIO_Speed=GPIO_SPEED_LOW
PB7.Locked=true
PB7.Signal=GPIO_Output
PC13.GPIOParameters=GPIO_ModeDefaultEXTI,GPIO_PuPd
PC13.GPIO_ModeDefaultEXTI=GPIO_MODE_IT_FALLING
PC13.GPIO_PuPd=GPIO_NOPULL
PC13.Locked=true
PC13.Signal=GPXTI13
PC14\ /\ OSC32_IN.GPIOParameters=GPIO_ModeDefaultEXTI,GPIO_PuPd
PC14\ /\ OSC32_IN.GPIO_ModeDefaultEXTI=GPIO_MODE_IT_FALLING
PC14\ /\ OSC32_IN.GPIO_PuPd=GPIO_NOPULL
PC14\ /\ OSC32_IN.Locked=true
PC14\ /\ OSC32_IN.Signal=GPXTI14
PC15\ /\ OSC32_OUT.GPIOParameters=GPIO_ModeDefaultEXTI,GPIO_PuPd
PC15\ /\ OSC32_OUT.GPIO_ModeDefaultEXTI=GPIO_MODE_IT_FALLING
PC15\ /\ OSC32_OUT.GPIO_PuPd=GPIO_NOPULL
PC15\ /\ OSC32_OUT.Locked=true
PC15\ /\ OSC32_OUT.Signal=GPXTI15
PF0\ /\ OSC_IN.Mode=HSE-External-Oscillator
PF0\ /\ OSC_IN.Signal=RCC_OSC_IN
PF1\ /\ OSC_OUT.Mode=HSE-External-Oscillator
PF1\ /\ OSC_OUT.Signal=RCC_OSC_OUT
ProjectManager.AskForMigrate=false
ProjectManager.BackupPrevious=false
ProjectManager.CompilerOptimize=2
ProjectManager.ComputerToolchain=false
ProjectManager.CoupleFile=false
ProjectManager.DeletePrevious=true
ProjectManager.DeviceId=STM32F334C8Tx
ProjectManager.FirmwarePackage=STM32Cube FW_F3 V1.1.1
ProjectManager.FreePins=false
ProjectManager.HalAssertFull=false
ProjectManager.KeepUserCode=true
ProjectManager.LastFirmware=true
ProjectManager.LibraryCopy=0
ProjectManager.ProjectBuild=false
ProjectManager.ProjectFileName=Train1.ioc
ProjectManager.ProjectName=Train1
ProjectManager.TargetToolchain=MDK-ARM 4.73
ProjectManager.ToolChainLocation=
RCC.ADC12outputFreq_Value=64000000
RCC.AHBFreq_Value=64000000
RCC.APB1CLKDivider=RCC_HCLK_DIV2
RCC.APB1Freq_Value=32000000
RCC.APB1TimFreq_Value=64000000
RCC.APB2Freq_Value=64000000
RCC.APB2TimFreq_Value=64000000
RCC.CortexFreq_Value=64000000
RCC.FCLKCortexFreq_Value=64000000
RCC.FamilyName=M
RCC.HCLKFreq_Value=64000000
RCC.HRTIM1Freq_Value=128000000
RCC.HRTIMSelection=RCC_HRTIM1CLK_PLLCLK
RCC.HSEPLLFreq_Value=12000000
RCC.HSE_VALUE=12000000
RCC.HSIPLLFreq_Value=4000000
RCC.HSI_VALUE=8000000
RCC.I2C1Freq_Value=8000000
RCC.IPParameters=HCLKFreq_Value,SYSCLKFreq_VALUE,FamilyName,PLLCLKFreq_Value,RTCHSEDivFreq_Value,SYSCLKSourceVirtual,TIM1Freq_Value,LSE_VALUE,RTCFreq_Value,PLLMCOFreq_Value,HRTIMSelection,FCLKCortexFreq_Value,CortexFreq_Value,APB1CLKDivider,HRTIM1Freq_Value,APB2Freq_Value,TIM2Freq_Value,HSEPLLFreq_Value,APB2TimFreq_Value,HSE_VALUE,PLLMUL,MCOFreq_Value,VCOOutput2Freq_Value,HSI_VALUE,USART2Freq_Value,USART1Freq_Value,APB1TimFreq_Value,ADC12outputFreq_Value,APB1Freq_Value,HSIPLLFreq_Value,I2C1Freq_Value,AHBFreq_Value,LSI_VALUE,USART3Freq_Value
RCC.LSE_VALUE=32768
RCC.LSI_VALUE=40000
RCC.MCOFreq_Value=64000000
RCC.PLLCLKFreq_Value=64000000
RCC.PLLMCOFreq_Value=64000000
RCC.PLLMUL=RCC_PLL_MUL16
RCC.RTCFreq_Value=40000
RCC.RTCHSEDivFreq_Value=375000
RCC.SYSCLKFreq_VALUE=64000000
RCC.SYSCLKSourceVirtual=RCC_SYSCLKSOURCE_PLLCLK
RCC.TIM1Freq_Value=64000000
RCC.TIM2Freq_Value=64000000
RCC.USART1Freq_Value=32000000
RCC.USART2Freq_Value=32000000
RCC.USART3Freq_Value=32000000
RCC.VCOOutput2Freq_Value=4000000
SH.GPXTI13.0=GPIO_EXTI13
SH.GPXTI13.ConfNb=1
SH.GPXTI14.0=GPIO_EXTI14
SH.GPXTI14.ConfNb=1
SH.GPXTI15.0=GPIO_EXTI15
SH.GPXTI15.ConfNb=1
VP_HRTIM1_VS_hrtimMasterTimerNoOutput.Mode=MasterTimer
VP_HRTIM1_VS_hrtimMasterTimerNoOutput.Signal=HRTIM1_VS_hrtimMasterTimerNoOutput
